version = 1
repository = "https://github.com/nautechsystems/nautilus_engineering"
revision = "2b2364e2aeb24f8351da961228eaa9d27bc6eb04"
manifest_sha256 = "8ffdbf5086f6dddee747f5c915d05c660fc861b72b16bab56e9cad34122fba45"
marker_file = ".nautilus-engineering.syncing"
profiles = ["sync"]

[[file]]
artifact = "markdownlint-config"
path = ".markdownlint.jsonc"
sha256 = "83a55eb166c92db1ad5657a03deab41bc0ee68fae22b23f91535811c3bb8943e"
executable = false

[[file]]
artifact = "pre-commit-shell"
path = ".nautilus-engineering/pre-commit/shell.yaml"
sha256 = "a8aefc574b99250a8f5fd7a80699f931b9b8406f4f124df82bf35a331c77fed3"
executable = false

[[file]]
artifact = "pre-commit-sync"
path = ".nautilus-engineering/pre-commit/sync.yaml"
sha256 = "ac186b23490bcc80b7bfe43cb4d09051521c9bcf9c7a6c0ad033659228be32d1"
executable = false

[[file]]
artifact = "pre-commit-toml"
path = ".nautilus-engineering/pre-commit/toml.yaml"
sha256 = "5cb5e9d442d2d5f286342de0df5c4ebe22309f696c3b6607217344ef344eb4d0"
executable = false

[[file]]
artifact = "pre-commit-yaml"
path = ".nautilus-engineering/pre-commit/yaml.yaml"
sha256 = "f9d1883fdafe45d8b8e70f706f06360a342c106caddc679a3f53a9fe70e6bec0"
executable = false

[[file]]
artifact = "shared-tool-catalog"
path = ".nautilus-engineering/tools.toml"
sha256 = "f967ebbbc6a97e4ac2b3c6fe3fd4fb3e98972179771706871aab8e3dabbb009c"
executable = false

[[file]]
artifact = "taplo-config"
path = ".taplo.toml"
sha256 = "2ebf46fbb3a9f63bc11c46154e7312cfec48cb99a3af6258c707bb0a318b15f9"
executable = false

[[file]]
artifact = "yamllint-config"
path = ".yamllint.yaml"
sha256 = "56edcb6426e45ad4646493831bfa66e8c454a098114baf24e9be0b8e032970db"
executable = false

[[file]]
artifact = "markdown-standard"
path = "docs/developer_guide/markdown_style.md"
sha256 = "b08f946b87cad7bf75b4dad8f3f5afffd80ab8a461d9bdbf4092176bd6dfcbd5"
executable = false

[[file]]
artifact = "cargo-tool-version"
path = "scripts/cargo-tool-version.sh"
sha256 = "7b2d3d66fc45f7c5f2dcfc47aee944f2aa125ddc33e87dfae4890285202adf3a"
executable = true

[[file]]
artifact = "cargo-cooldown-check"
path = "scripts/check-cargo-cooldown.sh"
sha256 = "48de4ce3d92434ef2cceb9ff0ea422282a130ace6fa52ce261d612078ebad92a"
executable = true

[[file]]
artifact = "markdown-table-check"
path = "scripts/check-markdown-tables.py"
sha256 = "b192e4bba9b5fa2e52a39582ba048f9ab3638a1299548d8d856803d259aa6d18"
executable = false

[[file]]
artifact = "sync-check"
path = "scripts/check-nautilus-engineering-sync.bash"
sha256 = "4d9fd0173ef208e40d55c7aef2939143b564f0b135f35dbc969bcb710b2a4ce9"
executable = true

[[file]]
artifact = "github-action-pin-check"
path = "scripts/ci/check-github-action-shas.sh"
sha256 = "70967bb1f127845e195f18319fa814c95b64378c851f79f4179ca67f58aa3360"
executable = true

[[file]]
artifact = "pre-commit-manager"
path = "scripts/manage-nautilus-engineering-pre-commit.py"
sha256 = "0d80bffae5b7d6a2f86d558f9f92b445025bc04fd9374f472cbfbcfd6c9e8df9"
executable = true

[[file]]
artifact = "rust-toolchain-version"
path = "scripts/rust-toolchain.sh"
sha256 = "059461aaf186a5771b2e7e4b9ff3031189535ccb52243dd643b6e2a1a4d6a3bd"
executable = true

[[file]]
artifact = "tool-version"
path = "scripts/tool-version.sh"
sha256 = "f927cd95160b8f2b1aea74e379e62237bba806845731499900befba81f319868"
executable = true

[[file]]
artifact = "cargo-dependency-update"
path = "scripts/update-cargo-dependencies.bash"
sha256 = "4e6a4756ab6aa7927cabcd65cd1e00b5fabfd5e2b496f9916707a058879a21bb"
executable = true

[[file]]
artifact = "uv-version"
path = "scripts/uv-version.sh"
sha256 = "5f2935ec72cfaeeeccfc6abf5a9af5c9667cc196212eddc4fcd935e2cc523b4e"
executable = true
